
Microsoft Visual Studio Solution File, Format Version 12.00
# Visual Studio Version 16
VisualStudioVersion = 16.0.29123.88
MinimumVisualStudioVersion = 10.0.40219.1
Project("{FAE04EC0-301F-11D3-BF4B-00C04F79EFBC}") = "Ludogame", "Ludogame\Ludogame.csproj", "{890E7A1C-C096-4B33-A60E-03FD6FDB8F25}"
EndProject
Global
	GlobalSection(SolutionConfigurationPlatforms) = preSolution
		Debug|Any CPU = Debug|Any CPU
		Release|Any CPU = Release|Any CPU
	EndGlobalSection
	GlobalSection(ProjectConfigurationPlatforms) = postSolution
		{890E7A1C-C096-4B33-A60E-03FD6FDB8F25}.Debug|Any CPU.ActiveCfg = Debug|Any CPU
		{890E7A1C-C096-4B33-A60E-03FD6FDB8F25}.Debug|Any CPU.Build.0 = Debug|Any CPU
		{890E7A1C-C096-4B33-A60E-03FD6FDB8F25}.Release|Any CPU.ActiveCfg = Release|Any CPU
		{890E7A1C-C096-4B33-A60E-03FD6FDB8F25}.Release|Any CPU.Build.0 = Release|Any CPU
	EndGlobalSection
	GlobalSection(SolutionProperties) = preSolution
		HideSolutionNode = FALSE
	EndGlobalSection
	GlobalSection(ExtensibilityGlobals) = postSolution
		SolutionGuid = {797643F4-3C38-4985-B2DC-CC66EB309981}
	EndGlobalSection
EndGlobal
